
Microsoft Visual Studio Solution File, Format Version 12.00
# Visual Studio 15
VisualStudioVersion = 15.0.27130.2036
MinimumVisualStudioVersion = 10.0.40219.1
Project("{FAE04EC0-301F-11D3-BF4B-00C04F79EFBC}") = "EnvBuild", "EnvBuild\EnvBuild.csproj", "{BE7407C9-768D-4279-87E2-4F215FF7842C}"
EndProject
Global
	GlobalSection(SolutionConfigurationPlatforms) = preSolution
		Debug|Any CPU = Debug|Any CPU
		Release|Any CPU = Release|Any CPU
	EndGlobalSection
	GlobalSection(ProjectConfigurationPlatforms) = postSolution
		{BE7407C9-768D-4279-87E2-4F215FF7842C}.Debug|Any CPU.ActiveCfg = Debug|Any CPU
		{BE7407C9-768D-4279-87E2-4F215FF7842C}.Debug|Any CPU.Build.0 = Debug|Any CPU
		{BE7407C9-768D-4279-87E2-4F215FF7842C}.Release|Any CPU.ActiveCfg = Release|Any CPU
		{BE7407C9-768D-4279-87E2-4F215FF7842C}.Release|Any CPU.Build.0 = Release|Any CPU
	EndGlobalSection
	GlobalSection(SolutionProperties) = preSolution
		HideSolutionNode = FALSE
	EndGlobalSection
	GlobalSection(ExtensibilityGlobals) = postSolution
		SolutionGuid = {44D0C905-03B2-426C-A4D6-2C8BA2ED4604}
	EndGlobalSection
EndGlobal
